
Microsoft Visual Studio Solution File, Format Version 12.00
# Visual Studio 15
Project("{FAE04EC0-301F-11D3-BF4B-00C04F79EFBC}") = "Assembly-CSharp", "Assembly-CSharp.csproj", "{97B99079-E3AB-4C98-26CC-D23A02809498}"
EndProject
Project("{FAE04EC0-301F-11D3-BF4B-00C04F79EFBC}") = "Assembly-CSharp-Editor", "Assembly-CSharp-Editor.csproj", "{027F07E7-388E-9D18-F6E3-AFD1925B5844}"
EndProject
Global
	GlobalSection(SolutionConfigurationPlatforms) = preSolution
		Debug|Any CPU = Debug|Any CPU
		Release|Any CPU = Release|Any CPU
	EndGlobalSection
	GlobalSection(ProjectConfigurationPlatforms) = postSolution
		{97B99079-E3AB-4C98-26CC-D23A02809498}.Debug|Any CPU.ActiveCfg = Debug|Any CPU
		{97B99079-E3AB-4C98-26CC-D23A02809498}.Debug|Any CPU.Build.0 = Debug|Any CPU
		{97B99079-E3AB-4C98-26CC-D23A02809498}.Release|Any CPU.ActiveCfg = Release|Any CPU
		{97B99079-E3AB-4C98-26CC-D23A02809498}.Release|Any CPU.Build.0 = Release|Any CPU
		{027F07E7-388E-9D18-F6E3-AFD1925B5844}.Debug|Any CPU.ActiveCfg = Debug|Any CPU
		{027F07E7-388E-9D18-F6E3-AFD1925B5844}.Debug|Any CPU.Build.0 = Debug|Any CPU
		{027F07E7-388E-9D18-F6E3-AFD1925B5844}.Release|Any CPU.ActiveCfg = Release|Any CPU
		{027F07E7-388E-9D18-F6E3-AFD1925B5844}.Release|Any CPU.Build.0 = Release|Any CPU
	EndGlobalSection
	GlobalSection(SolutionProperties) = preSolution
		HideSolutionNode = FALSE
	EndGlobalSection
EndGlobal
